
Microsoft Visual Studio Solution File, Format Version 12.00
# Visual Studio 15
VisualStudioVersion = 15.0.27004.2002
MinimumVisualStudioVersion = 10.0.40219.1
Project("{FAE04EC0-301F-11D3-BF4B-00C04F79EFBC}") = "01. DefineClassPerson", "01. DefineClassPerson\01. DefineClassPerson.csproj", "{AA18CC0A-FE9D-49E8-A489-41B0230F135E}"
EndProject
Project("{FAE04EC0-301F-11D3-BF4B-00C04F79EFBC}") = "02. CreatingConstructors", "02. CreatingConstructors\02. CreatingConstructors.csproj", "{2F42090E-7DF4-4649-BF0F-D0E7EB2CC678}"
EndProject
Project("{FAE04EC0-301F-11D3-BF4B-00C04F79EFBC}") = "03. OldestFamilyMember", "03. OldestFamilyMember\03. OldestFamilyMember.csproj", "{0A77D810-1510-4890-912E-6D4689CDE31A}"
EndProject
Project("{FAE04EC0-301F-11D3-BF4B-00C04F79EFBC}") = "04. OpinionPoll", "04. OpinionPoll\04. OpinionPoll.csproj", "{52B8280F-083C-4BDF-81C9-208465777CB2}"
EndProject
Project("{FAE04EC0-301F-11D3-BF4B-00C04F79EFBC}") = "05. DateModifier", "05. DateModifier\05. DateModifier.csproj", "{D15546A1-20FF-48DE-B937-ADF9CED08130}"
EndProject
Project("{FAE04EC0-301F-11D3-BF4B-00C04F79EFBC}") = "06. CompanyRoster", "06. CompanyRoster\06. CompanyRoster.csproj", "{9F4546AE-652E-433E-841C-1B08C9352BCA}"
EndProject
Project("{FAE04EC0-301F-11D3-BF4B-00C04F79EFBC}") = "07. SpeedRacing", "07. SpeedRacing\07. SpeedRacing.csproj", "{C7DF8E73-A337-4791-BBFC-2CB30CC0DF19}"
EndProject
Project("{FAE04EC0-301F-11D3-BF4B-00C04F79EFBC}") = "08. RawData", "08. RawData\08. RawData.csproj", "{A933167A-22F1-47FB-B0D7-1F78B5D2D3E6}"
EndProject
Project("{FAE04EC0-301F-11D3-BF4B-00C04F79EFBC}") = "09. RectangleIntersection", "09. RectangleIntersection\09. RectangleIntersection.csproj", "{77EE32C5-9AAA-4613-91E5-4B4C7840208B}"
EndProject
Project("{FAE04EC0-301F-11D3-BF4B-00C04F79EFBC}") = "10. CarSalesman", "10. CarSalesman\10. CarSalesman.csproj", "{421A44F8-5878-4E6B-9801-E85974C87656}"
EndProject
Project("{FAE04EC0-301F-11D3-BF4B-00C04F79EFBC}") = "11. PokemonTrainer", "11. PokemonTrainer\11. PokemonTrainer.csproj", "{6CAA37E6-8C0F-4915-93E5-A8E7D7EDF274}"
EndProject
Project("{FAE04EC0-301F-11D3-BF4B-00C04F79EFBC}") = "12. Google", "12. Google\12. Google.csproj", "{3DF206E3-FD08-44B1-B2C1-275DEF6F5A0B}"
EndProject
Project("{FAE04EC0-301F-11D3-BF4B-00C04F79EFBC}") = "13. FamilyTree", "13. FamilyTree\13. FamilyTree.csproj", "{8A0A4F4B-FE17-4D9A-B4D2-6097D943D9C4}"
EndProject
Project("{FAE04EC0-301F-11D3-BF4B-00C04F79EFBC}") = "14. CatLady", "14. CatLady\14. CatLady.csproj", "{1ED628A7-AE82-4A64-B64A-B4600C706B0B}"
EndProject
Project("{FAE04EC0-301F-11D3-BF4B-00C04F79EFBC}") = "15. DrawingTool", "15. DrawingTool\15. DrawingTool.csproj", "{999341E3-0E39-4420-98EF-EBFC0E9FE15C}"
EndProject
Global
	GlobalSection(SolutionConfigurationPlatforms) = preSolution
		Debug|Any CPU = Debug|Any CPU
		Release|Any CPU = Release|Any CPU
	EndGlobalSection
	GlobalSection(ProjectConfigurationPlatforms) = postSolution
		{AA18CC0A-FE9D-49E8-A489-41B0230F135E}.Debug|Any CPU.ActiveCfg = Debug|Any CPU
		{AA18CC0A-FE9D-49E8-A489-41B0230F135E}.Debug|Any CPU.Build.0 = Debug|Any CPU
		{AA18CC0A-FE9D-49E8-A489-41B0230F135E}.Release|Any CPU.ActiveCfg = Release|Any CPU
		{AA18CC0A-FE9D-49E8-A489-41B0230F135E}.Release|Any CPU.Build.0 = Release|Any CPU
		{2F42090E-7DF4-4649-BF0F-D0E7EB2CC678}.Debug|Any CPU.ActiveCfg = Debug|Any CPU
		{2F42090E-7DF4-4649-BF0F-D0E7EB2CC678}.Debug|Any CPU.Build.0 = Debug|Any CPU
		{2F42090E-7DF4-4649-BF0F-D0E7EB2CC678}.Release|Any CPU.ActiveCfg = Release|Any CPU
		{2F42090E-7DF4-4649-BF0F-D0E7EB2CC678}.Release|Any CPU.Build.0 = Release|Any CPU
		{0A77D810-1510-4890-912E-6D4689CDE31A}.Debug|Any CPU.ActiveCfg = Debug|Any CPU
		{0A77D810-1510-4890-912E-6D4689CDE31A}.Debug|Any CPU.Build.0 = Debug|Any CPU
		{0A77D810-1510-4890-912E-6D4689CDE31A}.Release|Any CPU.ActiveCfg = Release|Any CPU
		{0A77D810-1510-4890-912E-6D4689CDE31A}.Release|Any CPU.Build.0 = Release|Any CPU
		{52B8280F-083C-4BDF-81C9-208465777CB2}.Debug|Any CPU.ActiveCfg = Debug|Any CPU
		{52B8280F-083C-4BDF-81C9-208465777CB2}.Debug|Any CPU.Build.0 = Debug|Any CPU
		{52B8280F-083C-4BDF-81C9-208465777CB2}.Release|Any CPU.ActiveCfg = Release|Any CPU
		{52B8280F-083C-4BDF-81C9-208465777CB2}.Release|Any CPU.Build.0 = Release|Any CPU
		{D15546A1-20FF-48DE-B937-ADF9CED08130}.Debug|Any CPU.ActiveCfg = Debug|Any CPU
		{D15546A1-20FF-48DE-B937-ADF9CED08130}.Debug|Any CPU.Build.0 = Debug|Any CPU
		{D15546A1-20FF-48DE-B937-ADF9CED08130}.Release|Any CPU.ActiveCfg = Release|Any CPU
		{D15546A1-20FF-48DE-B937-ADF9CED08130}.Release|Any CPU.Build.0 = Release|Any CPU
		{9F4546AE-652E-433E-841C-1B08C9352BCA}.Debug|Any CPU.ActiveCfg = Debug|Any CPU
		{9F4546AE-652E-433E-841C-1B08C9352BCA}.Debug|Any CPU.Build.0 = Debug|Any CPU
		{9F4546AE-652E-433E-841C-1B08C9352BCA}.Release|Any CPU.ActiveCfg = Release|Any CPU
		{9F4546AE-652E-433E-841C-1B08C9352BCA}.Release|Any CPU.Build.0 = Release|Any CPU
		{C7DF8E73-A337-4791-BBFC-2CB30CC0DF19}.Debug|Any CPU.ActiveCfg = Debug|Any CPU
		{C7DF8E73-A337-4791-BBFC-2CB30CC0DF19}.Debug|Any CPU.Build.0 = Debug|Any CPU
		{C7DF8E73-A337-4791-BBFC-2CB30CC0DF19}.Release|Any CPU.ActiveCfg = Release|Any CPU
		{C7DF8E73-A337-4791-BBFC-2CB30CC0DF19}.Release|Any CPU.Build.0 = Release|Any CPU
		{A933167A-22F1-47FB-B0D7-1F78B5D2D3E6}.Debug|Any CPU.ActiveCfg = Debug|Any CPU
		{A933167A-22F1-47FB-B0D7-1F78B5D2D3E6}.Debug|Any CPU.Build.0 = Debug|Any CPU
		{A933167A-22F1-47FB-B0D7-1F78B5D2D3E6}.Release|Any CPU.ActiveCfg = Release|Any CPU
		{A933167A-22F1-47FB-B0D7-1F78B5D2D3E6}.Release|Any CPU.Build.0 = Release|Any CPU
		{77EE32C5-9AAA-4613-91E5-4B4C7840208B}.Debug|Any CPU.ActiveCfg = Debug|Any CPU
		{77EE32C5-9AAA-4613-91E5-4B4C7840208B}.Debug|Any CPU.Build.0 = Debug|Any CPU
		{77EE32C5-9AAA-4613-91E5-4B4C7840208B}.Release|Any CPU.ActiveCfg = Release|Any CPU
		{77EE32C5-9AAA-4613-91E5-4B4C7840208B}.Release|Any CPU.Build.0 = Release|Any CPU
		{421A44F8-5878-4E6B-9801-E85974C87656}.Debug|Any CPU.ActiveCfg = Debug|Any CPU
		{421A44F8-5878-4E6B-9801-E85974C87656}.Debug|Any CPU.Build.0 = Debug|Any CPU
		{421A44F8-5878-4E6B-9801-E85974C87656}.Release|Any CPU.ActiveCfg = Release|Any CPU
		{421A44F8-5878-4E6B-9801-E85974C87656}.Release|Any CPU.Build.0 = Release|Any CPU
		{6CAA37E6-8C0F-4915-93E5-A8E7D7EDF274}.Debug|Any CPU.ActiveCfg = Debug|Any CPU
		{6CAA37E6-8C0F-4915-93E5-A8E7D7EDF274}.Debug|Any CPU.Build.0 = Debug|Any CPU
		{6CAA37E6-8C0F-4915-93E5-A8E7D7EDF274}.Release|Any CPU.ActiveCfg = Release|Any CPU
		{6CAA37E6-8C0F-4915-93E5-A8E7D7EDF274}.Release|Any CPU.Build.0 = Release|Any CPU
		{3DF206E3-FD08-44B1-B2C1-275DEF6F5A0B}.Debug|Any CPU.ActiveCfg = Debug|Any CPU
		{3DF206E3-FD08-44B1-B2C1-275DEF6F5A0B}.Debug|Any CPU.Build.0 = Debug|Any CPU
		{3DF206E3-FD08-44B1-B2C1-275DEF6F5A0B}.Release|Any CPU.ActiveCfg = Release|Any CPU
		{3DF206E3-FD08-44B1-B2C1-275DEF6F5A0B}.Release|Any CPU.Build.0 = Release|Any CPU
		{8A0A4F4B-FE17-4D9A-B4D2-6097D943D9C4}.Debug|Any CPU.ActiveCfg = Debug|Any CPU
		{8A0A4F4B-FE17-4D9A-B4D2-6097D943D9C4}.Debug|Any CPU.Build.0 = Debug|Any CPU
		{8A0A4F4B-FE17-4D9A-B4D2-6097D943D9C4}.Release|Any CPU.ActiveCfg = Release|Any CPU
		{8A0A4F4B-FE17-4D9A-B4D2-6097D943D9C4}.Release|Any CPU.Build.0 = Release|Any CPU
		{1ED628A7-AE82-4A64-B64A-B4600C706B0B}.Debug|Any CPU.ActiveCfg = Debug|Any CPU
		{1ED628A7-AE82-4A64-B64A-B4600C706B0B}.Debug|Any CPU.Build.0 = Debug|Any CPU
		{1ED628A7-AE82-4A64-B64A-B4600C706B0B}.Release|Any CPU.ActiveCfg = Release|Any CPU
		{1ED628A7-AE82-4A64-B64A-B4600C706B0B}.Release|Any CPU.Build.0 = Release|Any CPU
		{999341E3-0E39-4420-98EF-EBFC0E9FE15C}.Debug|Any CPU.ActiveCfg = Debug|Any CPU
		{999341E3-0E39-4420-98EF-EBFC0E9FE15C}.Debug|Any CPU.Build.0 = Debug|Any CPU
		{999341E3-0E39-4420-98EF-EBFC0E9FE15C}.Release|Any CPU.ActiveCfg = Release|Any CPU
		{999341E3-0E39-4420-98EF-EBFC0E9FE15C}.Release|Any CPU.Build.0 = Release|Any CPU
	EndGlobalSection
	GlobalSection(SolutionProperties) = preSolution
		HideSolutionNode = FALSE
	EndGlobalSection
	GlobalSection(ExtensibilityGlobals) = postSolution
		SolutionGuid = {FB948628-7D90-470C-BDCC-DF6D438FEB89}
	EndGlobalSection
EndGlobal
